<?xml version="1.0" encoding="utf-8"?>
<Project ToolsVersion="4.0" xmlns="http://schemas.microsoft.com/developer/msbuild/2003">
  <ItemGroup>
    <Filter Include="CodeRed">
      <UniqueIdentifier>{93995380-89BD-4b04-88EB-625FBE52EBFB}</UniqueIdentifier>
      <Extensions>h;hh;hpp;hxx;h++;hm;inl;inc;ipp;xsd</Extensions>
    </Filter>
    <Filter Include="Components">
      <UniqueIdentifier>{67DA6AB6-F800-4c08-8B7A-83BB121AAD01}</UniqueIdentifier>
      <Extensions>rc;ico;cur;bmp;dlg;rc2;rct;bin;rgs;gif;jpg;jpeg;jpe;resx;tiff;tif;png;wav;mfcribbon-ms</Extensions>
    </Filter>
    <Filter Include="Components\Components">
      <UniqueIdentifier>{05088e23-d549-42b4-8a75-131cc8d466ef}</UniqueIdentifier>
    </Filter>
    <Filter Include="Detours">
      <UniqueIdentifier>{00cca946-65c7-471b-99a2-edda8ae6fdf0}</UniqueIdentifier>
    </Filter>
    <Filter Include="Extensions">
      <UniqueIdentifier>{94fc7a1f-83a0-4190-b895-cd88a20dd19e}</UniqueIdentifier>
    </Filter>
    <Filter Include="Extensions\Extensions">
      <UniqueIdentifier>{3c7e2d23-e45d-4322-938e-6f1acf0505bd}</UniqueIdentifier>
    </Filter>
    <Filter Include="Modules">
      <UniqueIdentifier>{241bcd9e-dd37-48d9-a598-cae1f11a842b}</UniqueIdentifier>
    </Filter>
    <Filter Include="Modules\Mods">
      <UniqueIdentifier>{a25fc3f1-953b-4e4a-a31b-976562030599}</UniqueIdentifier>
    </Filter>
    <Filter Include="RLSDK">
      <UniqueIdentifier>{10aa4e98-d553-4892-a88c-c4f52c53f3e0}</UniqueIdentifier>
    </Filter>
    <Filter Include="RLSDK\SDK_HEADERS">
      <UniqueIdentifier>{d24846e9-020b-489d-8fa0-56cdff1397f3}</UniqueIdentifier>
    </Filter>
    <Filter Include="ImGui">
      <UniqueIdentifier>{e41eb0e6-2889-416e-a9e3-bc8a21b7b3ba}</UniqueIdentifier>
    </Filter>
    <Filter Include="ImGui\Kiero">
      <UniqueIdentifier>{3070b120-2611-4bdf-91b8-70dbf5e8ffef}</UniqueIdentifier>
    </Filter>
    <Filter Include="ImGui\Kiero\minhook">
      <UniqueIdentifier>{bbc5116a-efb4-4a57-b1a8-dc35a3869f9a}</UniqueIdentifier>
    </Filter>
  </ItemGroup>
  <ItemGroup>
    <ClCompile Include="dllmain.cpp">
      <Filter>CodeRed</Filter>
    </ClCompile>
    <ClCompile Include="Components\Component.cpp">
      <Filter>Components</Filter>
    </ClCompile>
    <ClCompile Include="Components\Components\Console.cpp">
      <Filter>Components\Components</Filter>
    </ClCompile>
    <ClCompile Include="Components\Components\Core.cpp">
      <Filter>Components\Components</Filter>
    </ClCompile>
    <ClCompile Include="Components\Components\Events.cpp">
      <Filter>Components\Components</Filter>
    </ClCompile>
    <ClCompile Include="Components\Components\GameState.cpp">
      <Filter>Components\Components</Filter>
    </ClCompile>
    <ClCompile Include="Components\Components\Instances.cpp">
      <Filter>Components\Components</Filter>
    </ClCompile>
    <ClCompile Include="Components\Components\Manager.cpp">
      <Filter>Components\Components</Filter>
    </ClCompile>
    <ClCompile Include="Extensions\Extensions\Colors.cpp">
      <Filter>Extensions\Extensions</Filter>
    </ClCompile>
    <ClCompile Include="Extensions\Extensions\Memory.cpp">
      <Filter>Extensions\Extensions</Filter>
    </ClCompile>
    <ClCompile Include="Extensions\Extensions\UnrealMemory.cpp">
      <Filter>Extensions\Extensions</Filter>
    </ClCompile>
    <ClCompile Include="pch.cpp">
      <Filter>CodeRed</Filter>
    </ClCompile>
    <ClCompile Include="Modules\Module.cpp">
      <Filter>Modules</Filter>
    </ClCompile>
    <ClCompile Include="Extensions\Extensions\Math.cpp">
      <Filter>Extensions\Extensions</Filter>
    </ClCompile>
    <ClCompile Include="Extensions\Extensions\Formatting.cpp">
      <Filter>Extensions\Extensions</Filter>
    </ClCompile>
    <ClCompile Include="RLSDK\GameDefines.cpp">
      <Filter>RLSDK</Filter>
    </ClCompile>
    <ClCompile Include="RLSDK\SDK_HEADERS\AkAudio_classes.cpp">
      <Filter>RLSDK\SDK_HEADERS</Filter>
    </ClCompile>
    <ClCompile Include="RLSDK\SDK_HEADERS\Core_classes.cpp">
      <Filter>RLSDK\SDK_HEADERS</Filter>
    </ClCompile>
    <ClCompile Include="RLSDK\SDK_HEADERS\Engine_classes.cpp">
      <Filter>RLSDK\SDK_HEADERS</Filter>
    </ClCompile>
    <ClCompile Include="RLSDK\SDK_HEADERS\GFxUI_classes.cpp">
      <Filter>RLSDK\SDK_HEADERS</Filter>
    </ClCompile>
    <ClCompile Include="RLSDK\SDK_HEADERS\IpDrv_classes.cpp">
      <Filter>RLSDK\SDK_HEADERS</Filter>
    </ClCompile>
    <ClCompile Include="RLSDK\SDK_HEADERS\OnlineSubsystemEOS_classes.cpp">
      <Filter>RLSDK\SDK_HEADERS</Filter>
    </ClCompile>
    <ClCompile Include="RLSDK\SDK_HEADERS\ProjectX_classes.cpp">
      <Filter>RLSDK\SDK_HEADERS</Filter>
    </ClCompile>
    <ClCompile Include="RLSDK\SDK_HEADERS\TAGame_classes.cpp">
      <Filter>RLSDK\SDK_HEADERS</Filter>
    </ClCompile>
    <ClCompile Include="RLSDK\SDK_HEADERS\WinDrv_classes.cpp">
      <Filter>RLSDK\SDK_HEADERS</Filter>
    </ClCompile>
    <ClCompile Include="RLSDK\SDK_HEADERS\XAudio2_classes.cpp">
      <Filter>RLSDK\SDK_HEADERS</Filter>
    </ClCompile>
    <ClCompile Include="ImGui\imgui.cpp">
      <Filter>ImGui</Filter>
    </ClCompile>
    <ClCompile Include="ImGui\imgui_demo.cpp">
      <Filter>ImGui</Filter>
    </ClCompile>
    <ClCompile Include="ImGui\imgui_draw.cpp">
      <Filter>ImGui</Filter>
    </ClCompile>
    <ClCompile Include="ImGui\imgui_impl_dx11.cpp">
      <Filter>ImGui</Filter>
    </ClCompile>
    <ClCompile Include="ImGui\imgui_impl_win32.cpp">
      <Filter>ImGui</Filter>
    </ClCompile>
    <ClCompile Include="ImGui\imgui_stdlib.cpp">
      <Filter>ImGui</Filter>
    </ClCompile>
    <ClCompile Include="ImGui\imgui_tables.cpp">
      <Filter>ImGui</Filter>
    </ClCompile>
    <ClCompile Include="ImGui\imgui_widgets.cpp">
      <Filter>ImGui</Filter>
    </ClCompile>
    <ClCompile Include="ImGui\Kiero\kiero.cpp">
      <Filter>ImGui\Kiero</Filter>
    </ClCompile>
    <ClCompile Include="Components\Components\GUI.cpp">
      <Filter>Components\Components</Filter>
    </ClCompile>
    <ClCompile Include="Components\Components\Main.cpp">
      <Filter>Components\Components</Filter>
    </ClCompile>
    <ClCompile Include="Modules\Mods\Drawing.cpp">
      <Filter>Modules\Mods</Filter>
    </ClCompile>
    <ClCompile Include="Example.cpp">
      <Filter>Modules\Mods</Filter>
    </ClCompile>
  </ItemGroup>
  <ItemGroup>
    <ClInclude Include="Components\Component.hpp">
      <Filter>Components</Filter>
    </ClInclude>
    <ClInclude Include="Components\Includes.hpp">
      <Filter>Components</Filter>
    </ClInclude>
    <ClInclude Include="Components\Components\Console.hpp">
      <Filter>Components\Components</Filter>
    </ClInclude>
    <ClInclude Include="Components\Components\Core.hpp">
      <Filter>Components\Components</Filter>
    </ClInclude>
    <ClInclude Include="Components\Components\Events.hpp">
      <Filter>Components\Components</Filter>
    </ClInclude>
    <ClInclude Include="Components\Components\GameState.hpp">
      <Filter>Components\Components</Filter>
    </ClInclude>
    <ClInclude Include="Components\Components\Instances.hpp">
      <Filter>Components\Components</Filter>
    </ClInclude>
    <ClInclude Include="Components\Components\Manager.hpp">
      <Filter>Components\Components</Filter>
    </ClInclude>
    <ClInclude Include="Detours\detours.h">
      <Filter>Detours</Filter>
    </ClInclude>
    <ClInclude Include="Detours\detver.h">
      <Filter>Detours</Filter>
    </ClInclude>
    <ClInclude Include="Detours\syelog.h">
      <Filter>Detours</Filter>
    </ClInclude>
    <ClInclude Include="Extensions\Includes.hpp">
      <Filter>Extensions</Filter>
    </ClInclude>
    <ClInclude Include="Extensions\Extensions\Colors.hpp">
      <Filter>Extensions\Extensions</Filter>
    </ClInclude>
    <ClInclude Include="Extensions\Extensions\Memory.hpp">
      <Filter>Extensions\Extensions</Filter>
    </ClInclude>
    <ClInclude Include="Extensions\Extensions\UnrealMemory.hpp">
      <Filter>Extensions\Extensions</Filter>
    </ClInclude>
    <ClInclude Include="pch.hpp">
      <Filter>CodeRed</Filter>
    </ClInclude>
    <ClInclude Include="Modules\Includes.hpp">
      <Filter>Modules</Filter>
    </ClInclude>
    <ClInclude Include="Modules\Module.hpp">
      <Filter>Modules</Filter>
    </ClInclude>
    <ClInclude Include="Extensions\Extensions\Math.hpp">
      <Filter>Extensions\Extensions</Filter>
    </ClInclude>
    <ClInclude Include="Extensions\Extensions\Formatting.hpp">
      <Filter>Extensions\Extensions</Filter>
    </ClInclude>
    <ClInclude Include="RLSDK\GameDefines.hpp">
      <Filter>RLSDK</Filter>
    </ClInclude>
    <ClInclude Include="RLSDK\SdkHeaders.hpp">
      <Filter>RLSDK</Filter>
    </ClInclude>
    <ClInclude Include="RLSDK\SDK_HEADERS\AkAudio_classes.hpp">
      <Filter>RLSDK\SDK_HEADERS</Filter>
    </ClInclude>
    <ClInclude Include="RLSDK\SDK_HEADERS\AkAudio_parameters.hpp">
      <Filter>RLSDK\SDK_HEADERS</Filter>
    </ClInclude>
    <ClInclude Include="RLSDK\SDK_HEADERS\AkAudio_structs.hpp">
      <Filter>RLSDK\SDK_HEADERS</Filter>
    </ClInclude>
    <ClInclude Include="RLSDK\SDK_HEADERS\Core_classes.hpp">
      <Filter>RLSDK\SDK_HEADERS</Filter>
    </ClInclude>
    <ClInclude Include="RLSDK\SDK_HEADERS\Core_parameters.hpp">
      <Filter>RLSDK\SDK_HEADERS</Filter>
    </ClInclude>
    <ClInclude Include="RLSDK\SDK_HEADERS\Core_structs.hpp">
      <Filter>RLSDK\SDK_HEADERS</Filter>
    </ClInclude>
    <ClInclude Include="RLSDK\SDK_HEADERS\Engine_classes.hpp">
      <Filter>RLSDK\SDK_HEADERS</Filter>
    </ClInclude>
    <ClInclude Include="RLSDK\SDK_HEADERS\Engine_parameters.hpp">
      <Filter>RLSDK\SDK_HEADERS</Filter>
    </ClInclude>
    <ClInclude Include="RLSDK\SDK_HEADERS\Engine_structs.hpp">
      <Filter>RLSDK\SDK_HEADERS</Filter>
    </ClInclude>
    <ClInclude Include="RLSDK\SDK_HEADERS\GFxUI_classes.hpp">
      <Filter>RLSDK\SDK_HEADERS</Filter>
    </ClInclude>
    <ClInclude Include="RLSDK\SDK_HEADERS\GFxUI_parameters.hpp">
      <Filter>RLSDK\SDK_HEADERS</Filter>
    </ClInclude>
    <ClInclude Include="RLSDK\SDK_HEADERS\GFxUI_structs.hpp">
      <Filter>RLSDK\SDK_HEADERS</Filter>
    </ClInclude>
    <ClInclude Include="RLSDK\SDK_HEADERS\IpDrv_classes.hpp">
      <Filter>RLSDK\SDK_HEADERS</Filter>
    </ClInclude>
    <ClInclude Include="RLSDK\SDK_HEADERS\IpDrv_parameters.hpp">
      <Filter>RLSDK\SDK_HEADERS</Filter>
    </ClInclude>
    <ClInclude Include="RLSDK\SDK_HEADERS\IpDrv_structs.hpp">
      <Filter>RLSDK\SDK_HEADERS</Filter>
    </ClInclude>
    <ClInclude Include="RLSDK\SDK_HEADERS\OnlineSubsystemEOS_classes.hpp">
      <Filter>RLSDK\SDK_HEADERS</Filter>
    </ClInclude>
    <ClInclude Include="RLSDK\SDK_HEADERS\OnlineSubsystemEOS_parameters.hpp">
      <Filter>RLSDK\SDK_HEADERS</Filter>
    </ClInclude>
    <ClInclude Include="RLSDK\SDK_HEADERS\OnlineSubsystemEOS_structs.hpp">
      <Filter>RLSDK\SDK_HEADERS</Filter>
    </ClInclude>
    <ClInclude Include="RLSDK\SDK_HEADERS\ProjectX_classes.hpp">
      <Filter>RLSDK\SDK_HEADERS</Filter>
    </ClInclude>
    <ClInclude Include="RLSDK\SDK_HEADERS\ProjectX_parameters.hpp">
      <Filter>RLSDK\SDK_HEADERS</Filter>
    </ClInclude>
    <ClInclude Include="RLSDK\SDK_HEADERS\ProjectX_structs.hpp">
      <Filter>RLSDK\SDK_HEADERS</Filter>
    </ClInclude>
    <ClInclude Include="RLSDK\SDK_HEADERS\TAGame_classes.hpp">
      <Filter>RLSDK\SDK_HEADERS</Filter>
    </ClInclude>
    <ClInclude Include="RLSDK\SDK_HEADERS\TAGame_parameters.hpp">
      <Filter>RLSDK\SDK_HEADERS</Filter>
    </ClInclude>
    <ClInclude Include="RLSDK\SDK_HEADERS\TAGame_structs.hpp">
      <Filter>RLSDK\SDK_HEADERS</Filter>
    </ClInclude>
    <ClInclude Include="RLSDK\SDK_HEADERS\WinDrv_classes.hpp">
      <Filter>RLSDK\SDK_HEADERS</Filter>
    </ClInclude>
    <ClInclude Include="RLSDK\SDK_HEADERS\WinDrv_parameters.hpp">
      <Filter>RLSDK\SDK_HEADERS</Filter>
    </ClInclude>
    <ClInclude Include="RLSDK\SDK_HEADERS\WinDrv_structs.hpp">
      <Filter>RLSDK\SDK_HEADERS</Filter>
    </ClInclude>
    <ClInclude Include="RLSDK\SDK_HEADERS\XAudio2_classes.hpp">
      <Filter>RLSDK\SDK_HEADERS</Filter>
    </ClInclude>
    <ClInclude Include="RLSDK\SDK_HEADERS\XAudio2_parameters.hpp">
      <Filter>RLSDK\SDK_HEADERS</Filter>
    </ClInclude>
    <ClInclude Include="RLSDK\SDK_HEADERS\XAudio2_structs.hpp">
      <Filter>RLSDK\SDK_HEADERS</Filter>
    </ClInclude>
    <ClInclude Include="ImGui\imconfig.h">
      <Filter>ImGui</Filter>
    </ClInclude>
    <ClInclude Include="ImGui\imgui.h">
      <Filter>ImGui</Filter>
    </ClInclude>
    <ClInclude Include="ImGui\imgui_impl_dx11.h">
      <Filter>ImGui</Filter>
    </ClInclude>
    <ClInclude Include="ImGui\imgui_impl_win32.h">
      <Filter>ImGui</Filter>
    </ClInclude>
    <ClInclude Include="ImGui\imgui_internal.h">
      <Filter>ImGui</Filter>
    </ClInclude>
    <ClInclude Include="ImGui\imgui_stdlib.h">
      <Filter>ImGui</Filter>
    </ClInclude>
    <ClInclude Include="ImGui\imstb_rectpack.h">
      <Filter>ImGui</Filter>
    </ClInclude>
    <ClInclude Include="ImGui\imstb_textedit.h">
      <Filter>ImGui</Filter>
    </ClInclude>
    <ClInclude Include="ImGui\imstb_truetype.h">
      <Filter>ImGui</Filter>
    </ClInclude>
    <ClInclude Include="ImGui\Kiero\kiero.h">
      <Filter>ImGui\Kiero</Filter>
    </ClInclude>
    <ClInclude Include="ImGui\Kiero\minhook\MinHook.h">
      <Filter>ImGui\Kiero\minhook</Filter>
    </ClInclude>
    <ClInclude Include="Components\Components\GUI.hpp">
      <Filter>Components\Components</Filter>
    </ClInclude>
    <ClInclude Include="Components\Components\Main.hpp">
      <Filter>Components\Components</Filter>
    </ClInclude>
    <ClInclude Include="Modules\Mods\Drawing.hpp">
      <Filter>Modules\Mods</Filter>
    </ClInclude>
    <ClInclude Include="Offsets.hpp">
      <Filter>CodeRed</Filter>
    </ClInclude>
    <ClInclude Include="Example.hpp">
      <Filter>Modules\Mods</Filter>
    </ClInclude>
    <ClInclude Include="Functions.hpp">
      <Filter>CodeRed</Filter>
    </ClInclude>
  </ItemGroup>
  <ItemGroup>
    <Library Include="Detours\detours.lib">
      <Filter>Detours</Filter>
    </Library>
    <Library Include="Detours\syelog.lib">
      <Filter>Detours</Filter>
    </Library>
    <Library Include="ImGui\Kiero\minhook\minhook.x64d.lib">
      <Filter>ImGui\Kiero\minhook</Filter>
    </Library>
  </ItemGroup>
  <ItemGroup>
    <None Include="Detours\detours.pdb">
      <Filter>Detours</Filter>
    </None>
  </ItemGroup>
</Project>